
Microsoft Visual Studio Solution File, Format Version 12.00
# Visual Studio Version 16
VisualStudioVersion = 16.0.30804.86
MinimumVisualStudioVersion = 10.0.40219.1
Project("{9A19103F-16F7-4668-BE54-9A1E7A4F7556}") = "Controlzmo", "Controlzmo\Controlzmo.csproj", "{5153340A-17C4-471A-983C-C990617151EA}"
EndProject
Global
	GlobalSection(SolutionConfigurationPlatforms) = preSolution
		Debug|x64 = Debug|x64
		Release|x64 = Release|x64
	EndGlobalSection
	GlobalSection(ProjectConfigurationPlatforms) = postSolution
		{5153340A-17C4-471A-983C-C990617151EA}.Debug|x64.ActiveCfg = Debug|x64
		{5153340A-17C4-471A-983C-C990617151EA}.Debug|x64.Build.0 = Debug|x64
		{5153340A-17C4-471A-983C-C990617151EA}.Release|x64.ActiveCfg = Release|x64
		{5153340A-17C4-471A-983C-C990617151EA}.Release|x64.Build.0 = Release|x64
	EndGlobalSection
	GlobalSection(SolutionProperties) = preSolution
		HideSolutionNode = FALSE
	EndGlobalSection
	GlobalSection(ExtensibilityGlobals) = postSolution
		SolutionGuid = {2A68E0A6-346C-4134-AA43-780A58751CAE}
	EndGlobalSection
EndGlobal
